// !$*UTF8*$!
{
	archiveVersion = 1;
	classes = {
	};
	objectVersion = 50;
	objects = {

/* Begin PBXBuildFile section */
		2604EAAE21B17A52001AB059 /* DummyView.m in Sources */ = {isa = PBXBuildFile; fileRef = 2604EAAD21B17A52001AB059 /* DummyView.m */; };
		26D0778F21B0150300BE2A68 /* LibTwo.m in Sources */ = {isa = PBXBuildFile; fileRef = 26D0778E21B0150300BE2A68 /* LibTwo.m */; };
		26D0779021B0150300BE2A68 /* LibTwo.h in CopyFiles */ = {isa = PBXBuildFile; fileRef = 26D0778D21B0150300BE2A68 /* LibTwo.h */; };
		26D077CA21B02D6A00BE2A68 /* LibTwoTests.m in Sources */ = {isa = PBXBuildFile; fileRef = 26D077C921B02D6A00BE2A68 /* LibTwoTests.m */; };
		26D077CC21B02D6A00BE2A68 /* libLibTwo.a in Frameworks */ = {isa = PBXBuildFile; fileRef = 26D0778A21B0150300BE2A68 /* libLibTwo.a */; };
/* End PBXBuildFile section */

/* Begin PBXContainerItemProxy section */
		26D077CD21B02D6A00BE2A68 /* PBXContainerItemProxy */ = {
			isa = PBXContainerItemProxy;
			containerPortal = 26D0778221B0150300BE2A68 /* Project object */;
			proxyType = 1;
			remoteGlobalIDString = 26D0778921B0150300BE2A68;
			remoteInfo = LibTwo;
		};
/* End PBXContainerItemProxy section */

/* Begin PBXCopyFilesBuildPhase section */
		267C9BDE21B12B1F000148EE /* CopyFiles */ = {
			isa = PBXCopyFilesBuildPhase;
			buildActionMask = 2147483647;
			dstPath = "";
			dstSubfolderSpec = 7;
			files = (
			);
			runOnlyForDeploymentPostprocessing = 0;
		};
		26D0778821B0150300BE2A68 /* CopyFiles */ = {
			isa = PBXCopyFilesBuildPhase;
			buildActionMask = 2147483647;
			dstPath = "include/$(PRODUCT_NAME)";
			dstSubfolderSpec = 16;
			files = (
				26D0779021B0150300BE2A68 /* LibTwo.h in CopyFiles */,
			);
			runOnlyForDeploymentPostprocessing = 0;
		};
/* End PBXCopyFilesBuildPhase section */

/* Begin PBXFileReference section */
		2604EAAC21B17A52001AB059 /* DummyView.h */ = {isa = PBXFileReference; lastKnownFileType = sourcecode.c.h; path = DummyView.h; sourceTree = "<group>"; };
		2604EAAD21B17A52001AB059 /* DummyView.m */ = {isa = PBXFileReference; lastKnownFileType = sourcecode.c.objc; path = DummyView.m; sourceTree = "<group>"; };
		26D0778A21B0150300BE2A68 /* libLibTwo.a */ = {isa = PBXFileReference; explicitFileType = archive.ar; includeInIndex = 0; path = libLibTwo.a; sourceTree = BUILT_PRODUCTS_DIR; };
		26D0778D21B0150300BE2A68 /* LibTwo.h */ = {isa = PBXFileReference; lastKnownFileType = sourcecode.c.h; path = LibTwo.h; sourceTree = "<group>"; };
		26D0778E21B0150300BE2A68 /* LibTwo.m */ = {isa = PBXFileReference; lastKnownFileType = sourcecode.c.objc; path = LibTwo.m; sourceTree = "<group>"; };
		26D077C721B02D6A00BE2A68 /* LibTwoTests.xctest */ = {isa = PBXFileReference; explicitFileType = wrapper.cfbundle; includeInIndex = 0; path = LibTwoTests.xctest; sourceTree = BUILT_PRODUCTS_DIR; };
		26D077C921B02D6A00BE2A68 /* LibTwoTests.m */ = {isa = PBXFileReference; lastKnownFileType = sourcecode.c.objc; path = LibTwoTests.m; sourceTree = "<group>"; };
		26D077CB21B02D6A00BE2A68 /* Info.plist */ = {isa = PBXFileReference; lastKnownFileType = text.plist.xml; path = Info.plist; sourceTree = "<group>"; };
/* End PBXFileReference section */

/* Begin PBXFrameworksBuildPhase section */
		26D0778721B0150300BE2A68 /* Frameworks */ = {
			isa = PBXFrameworksBuildPhase;
			buildActionMask = 2147483647;
			files = (
			);
			runOnlyForDeploymentPostprocessing = 0;
		};
		26D077C421B02D6A00BE2A68 /* Frameworks */ = {
			isa = PBXFrameworksBuildPhase;
			buildActionMask = 2147483647;
			files = (
				26D077CC21B02D6A00BE2A68 /* libLibTwo.a in Frameworks */,
			);
			runOnlyForDeploymentPostprocessing = 0;
		};
/* End PBXFrameworksBuildPhase section */

/* Begin PBXGroup section */
		26D0778121B0150300BE2A68 = {
			isa = PBXGroup;
			children = (
				26D0778C21B0150300BE2A68 /* LibTwo */,
				26D077C821B02D6A00BE2A68 /* LibTwoTests */,
				26D0778B21B0150300BE2A68 /* Products */,
			);
			sourceTree = "<group>";
		};
		26D0778B21B0150300BE2A68 /* Products */ = {
			isa = PBXGroup;
			children = (
				26D0778A21B0150300BE2A68 /* libLibTwo.a */,
				26D077C721B02D6A00BE2A68 /* LibTwoTests.xctest */,
			);
			name = Products;
			sourceTree = "<group>";
		};
		26D0778C21B0150300BE2A68 /* LibTwo */ = {
			isa = PBXGroup;
			children = (
				26D0778D21B0150300BE2A68 /* LibTwo.h */,
				26D0778E21B0150300BE2A68 /* LibTwo.m */,
				2604EAAC21B17A52001AB059 /* DummyView.h */,
				2604EAAD21B17A52001AB059 /* DummyView.m */,
			);
			path = LibTwo;
			sourceTree = "<group>";
		};
		26D077C821B02D6A00BE2A68 /* LibTwoTests */ = {
			isa = PBXGroup;
			children = (
				26D077C921B02D6A00BE2A68 /* LibTwoTests.m */,
				26D077CB21B02D6A00BE2A68 /* Info.plist */,
			);
			path = LibTwoTests;
			sourceTree = "<group>";
		};
/* End PBXGroup section */

/* Begin PBXNativeTarget section */
		26D0778921B0150300BE2A68 /* LibTwo */ = {
			isa = PBXNativeTarget;
			buildConfigurationList = 26D0779321B0150300BE2A68 /* Build configuration list for PBXNativeTarget "LibTwo" */;
			buildPhases = (
				26D0778621B0150300BE2A68 /* Sources */,
				26D0778721B0150300BE2A68 /* Frameworks */,
				26D0778821B0150300BE2A68 /* CopyFiles */,
				267C9BDE21B12B1F000148EE /* CopyFiles */,
			);
			buildRules = (
			);
			dependencies = (
			);
			name = LibTwo;
			productName = LibTwo;
			productReference = 26D0778A21B0150300BE2A68 /* libLibTwo.a */;
			productType = "com.apple.product-type.library.static";
		};
		26D077C621B02D6A00BE2A68 /* LibTwoTests */ = {
			isa = PBXNativeTarget;
			buildConfigurationList = 26D077CF21B02D6A00BE2A68 /* Build configuration list for PBXNativeTarget "LibTwoTests" */;
			buildPhases = (
				26D077C321B02D6A00BE2A68 /* Sources */,
				26D077C421B02D6A00BE2A68 /* Frameworks */,
				26D077C521B02D6A00BE2A68 /* Resources */,
			);
			buildRules = (
			);
			dependencies = (
				26D077CE21B02D6A00BE2A68 /* PBXTargetDependency */,
			);
			name = LibTwoTests;
			productName = LibTwoTests;
			productReference = 26D077C721B02D6A00BE2A68 /* LibTwoTests.xctest */;
			productType = "com.apple.product-type.bundle.unit-test";
		};
/* End PBXNativeTarget section */

/* Begin PBXProject section */
		26D0778221B0150300BE2A68 /* Project object */ = {
			isa = PBXProject;
			attributes = {
				LastUpgradeCheck = 1000;
				ORGANIZATIONNAME = Muruganandham.Kuppan;
				TargetAttributes = {
					26D0778921B0150300BE2A68 = {
						CreatedOnToolsVersion = 10.0;
					};
					26D077C621B02D6A00BE2A68 = {
						CreatedOnToolsVersion = 10.0;
					};
				};
			};
			buildConfigurationList = 26D0778521B0150300BE2A68 /* Build configuration list for PBXProject "LibTwo" */;
			compatibilityVersion = "Xcode 9.3";
			developmentRegion = en;
			hasScannedForEncodings = 0;
			knownRegions = (
				en,
			);
			mainGroup = 26D0778121B0150300BE2A68;
			productRefGroup = 26D0778B21B0150300BE2A68 /* Products */;
			projectDirPath = "";
			projectRoot = "";
			targets = (
				26D0778921B0150300BE2A68 /* LibTwo */,
				26D077C621B02D6A00BE2A68 /* LibTwoTests */,
			);
		};
/* End PBXProject section */

/* Begin PBXResourcesBuildPhase section */
		26D077C521B02D6A00BE2A68 /* Resources */ = {
			isa = PBXResourcesBuildPhase;
			buildActionMask = 2147483647;
			files = (
			);
			runOnlyForDeploymentPostprocessing = 0;
		};
/* End PBXResourcesBuildPhase section */

/* Begin PBXSourcesBuildPhase section */
		26D0778621B0150300BE2A68 /* Sources */ = {
			isa = PBXSourcesBuildPhase;
			buildActionMask = 2147483647;
			files = (
				26D0778F21B0150300BE2A68 /* LibTwo.m in Sources */,
				2604EAAE21B17A52001AB059 /* DummyView.m in Sources */,
			);
			runOnlyForDeploymentPostprocessing = 0;
		};
		26D077C321B02D6A00BE2A68 /* Sources */ = {
			isa = PBXSourcesBuildPhase;
			buildActionMask = 2147483647;
			files = (
				26D077CA21B02D6A00BE2A68 /* LibTwoTests.m in Sources */,
			);
			runOnlyForDeploymentPostprocessing = 0;
		};
/* End PBXSourcesBuildPhase section */

/* Begin PBXTargetDependency section */
		26D077CE21B02D6A00BE2A68 /* PBXTargetDependency */ = {
			isa = PBXTargetDependency;
			target = 26D0778921B0150300BE2A68 /* LibTwo */;
			targetProxy = 26D077CD21B02D6A00BE2A68 /* PBXContainerItemProxy */;
		};
/* End PBXTargetDependency section */

/* Begin XCBuildConfiguration section */
		26D0779121B0150300BE2A68 /* Debug */ = {
			isa = XCBuildConfiguration;
			buildSettings = {
				ALWAYS_SEARCH_USER_PATHS = NO;
				CLANG_ANALYZER_NONNULL = YES;
				CLANG_ANALYZER_NUMBER_OBJECT_CONVERSION = YES_AGGRESSIVE;
				CLANG_CXX_LANGUAGE_STANDARD = "gnu++14";
				CLANG_CXX_LIBRARY = "libc++";
				CLANG_ENABLE_MODULES = YES;
				CLANG_ENABLE_OBJC_ARC = YES;
				CLANG_ENABLE_OBJC_WEAK = YES;
				CLANG_WARN_BLOCK_CAPTURE_AUTORELEASING = YES;
				CLANG_WARN_BOOL_CONVERSION = YES;
				CLANG_WARN_COMMA = YES;
				CLANG_WARN_CONSTANT_CONVERSION = YES;
				CLANG_WARN_DEPRECATED_OBJC_IMPLEMENTATIONS = YES;
				CLANG_WARN_DIRECT_OBJC_ISA_USAGE = YES_ERROR;
				CLANG_WARN_DOCUMENTATION_COMMENTS = YES;
				CLANG_WARN_EMPTY_BODY = YES;
				CLANG_WARN_ENUM_CONVERSION = YES;
				CLANG_WARN_INFINITE_RECURSION = YES;
				CLANG_WARN_INT_CONVERSION = YES;
				CLANG_WARN_NON_LITERAL_NULL_CONVERSION = YES;
				CLANG_WARN_OBJC_IMPLICIT_RETAIN_SELF = YES;
				CLANG_WARN_OBJC_LITERAL_CONVERSION = YES;
				CLANG_WARN_OBJC_ROOT_CLASS = YES_ERROR;
				CLANG_WARN_RANGE_LOOP_ANALYSIS = YES;
				CLANG_WARN_STRICT_PROTOTYPES = YES;
				CLANG_WARN_SUSPICIOUS_MOVE = YES;
				CLANG_WARN_UNGUARDED_AVAILABILITY = YES_AGGRESSIVE;
				CLANG_WARN_UNREACHABLE_CODE = YES;
				CLANG_WARN__DUPLICATE_METHOD_MATCH = YES;
				CODE_SIGN_IDENTITY = "iPhone Developer";
				COPY_PHASE_STRIP = NO;
				DEBUG_INFORMATION_FORMAT = dwarf;
				ENABLE_STRICT_OBJC_MSGSEND = YES;
				ENABLE_TESTABILITY = YES;
				GCC_C_LANGUAGE_STANDARD = gnu11;
				GCC_DYNAMIC_NO_PIC = NO;
				GCC_NO_COMMON_BLOCKS = YES;
				GCC_OPTIMIZATION_LEVEL = 0;
				GCC_PREPROCESSOR_DEFINITIONS = (
					"DEBUG=1",
					"$(inherited)",
				);
				GCC_WARN_64_TO_32_BIT_CONVERSION = YES;
				GCC_WARN_ABOUT_RETURN_TYPE = YES_ERROR;
				GCC_WARN_UNDECLARED_SELECTOR = YES;
				GCC_WARN_UNINITIALIZED_AUTOS = YES_AGGRESSIVE;
				GCC_WARN_UNUSED_FUNCTION = YES;
				GCC_WARN_UNUSED_VARIABLE = YES;
				IPHONEOS_DEPLOYMENT_TARGET = 12.0;
				MTL_ENABLE_DEBUG_INFO = INCLUDE_SOURCE;
				MTL_FAST_MATH = YES;
				ONLY_ACTIVE_ARCH = NO;
				SDKROOT = iphoneos;
			};
			name = Debug;
		};
		26D0779221B0150300BE2A68 /* Release */ = {
			isa = XCBuildConfiguration;
			buildSettings = {
				ALWAYS_SEARCH_USER_PATHS = NO;
				CLANG_ANALYZER_NONNULL = YES;
				CLANG_ANALYZER_NUMBER_OBJECT_CONVERSION = YES_AGGRESSIVE;
				CLANG_CXX_LANGUAGE_STANDARD = "gnu++14";
				CLANG_CXX_LIBRARY = "libc++";
				CLANG_ENABLE_MODULES = YES;
				CLANG_ENABLE_OBJC_ARC = YES;
				CLANG_ENABLE_OBJC_WEAK = YES;
				CLANG_WARN_BLOCK_CAPTURE_AUTORELEASING = YES;
				CLANG_WARN_BOOL_CONVERSION = YES;
				CLANG_WARN_COMMA = YES;
				CLANG_WARN_CONSTANT_CONVERSION = YES;
				CLANG_WARN_DEPRECATED_OBJC_IMPLEMENTATIONS = YES;
				CLANG_WARN_DIRECT_OBJC_ISA_USAGE = YES_ERROR;
				CLANG_WARN_DOCUMENTATION_COMMENTS = YES;
				CLANG_WARN_EMPTY_BODY = YES;
				CLANG_WARN_ENUM_CONVERSION = YES;
				CLANG_WARN_INFINITE_RECURSION = YES;
				CLANG_WARN_INT_CONVERSION = YES;
				CLANG_WARN_NON_LITERAL_NULL_CONVERSION = YES;
				CLANG_WARN_OBJC_IMPLICIT_RETAIN_SELF = YES;
				CLANG_WARN_OBJC_LITERAL_CONVERSION = YES;
				CLANG_WARN_OBJC_ROOT_CLASS = YES_ERROR;
				CLANG_WARN_RANGE_LOOP_ANALYSIS = YES;
				CLANG_WARN_STRICT_PROTOTYPES = YES;
				CLANG_WARN_SUSPICIOUS_MOVE = YES;
				CLANG_WARN_UNGUARDED_AVAILABILITY = YES_AGGRESSIVE;
				CLANG_WARN_UNREACHABLE_CODE = YES;
				CLANG_WARN__DUPLICATE_METHOD_MATCH = YES;
				CODE_SIGN_IDENTITY = "iPhone Developer";
				COPY_PHASE_STRIP = NO;
				DEBUG_INFORMATION_FORMAT = "dwarf-with-dsym";
				ENABLE_NS_ASSERTIONS = NO;
				ENABLE_STRICT_OBJC_MSGSEND = YES;
				GCC_C_LANGUAGE_STANDARD = gnu11;
				GCC_NO_COMMON_BLOCKS = YES;
				GCC_WARN_64_TO_32_BIT_CONVERSION = YES;
				GCC_WARN_ABOUT_RETURN_TYPE = YES_ERROR;
				GCC_WARN_UNDECLARED_SELECTOR = YES;
				GCC_WARN_UNINITIALIZED_AUTOS = YES_AGGRESSIVE;
				GCC_WARN_UNUSED_FUNCTION = YES;
				GCC_WARN_UNUSED_VARIABLE = YES;
				IPHONEOS_DEPLOYMENT_TARGET = 12.0;
				MTL_ENABLE_DEBUG_INFO = NO;
				MTL_FAST_MATH = YES;
				ONLY_ACTIVE_ARCH = NO;
				SDKROOT = iphoneos;
				VALIDATE_PRODUCT = YES;
			};
			name = Release;
		};
		26D0779421B0150300BE2A68 /* Debug */ = {
			isa = XCBuildConfiguration;
			buildSettings = {
				CODE_SIGN_STYLE = Automatic;
				DEVELOPMENT_TEAM = 9A3XYQH875;
				OTHER_LDFLAGS = "-ObjC";
				PRODUCT_NAME = "$(TARGET_NAME)";
				SKIP_INSTALL = YES;
				TARGETED_DEVICE_FAMILY = "1,2";
			};
			name = Debug;
		};
		26D0779521B0150300BE2A68 /* Release */ = {
			isa = XCBuildConfiguration;
			buildSettings = {
				CODE_SIGN_STYLE = Automatic;
				DEVELOPMENT_TEAM = 9A3XYQH875;
				OTHER_LDFLAGS = "-ObjC";
				PRODUCT_NAME = "$(TARGET_NAME)";
				SKIP_INSTALL = YES;
				TARGETED_DEVICE_FAMILY = "1,2";
			};
			name = Release;
		};
		26D077D021B02D6A00BE2A68 /* Debug */ = {
			isa = XCBuildConfiguration;
			buildSettings = {
				CODE_SIGN_STYLE = Automatic;
				DEVELOPMENT_TEAM = 9A3XYQH875;
				INFOPLIST_FILE = LibTwoTests/Info.plist;
				LD_RUNPATH_SEARCH_PATHS = (
					"$(inherited)",
					"@executable_path/Frameworks",
					"@loader_path/Frameworks",
				);
				ONLY_ACTIVE_ARCH = YES;
				PRODUCT_BUNDLE_IDENTIFIER = com.gisbiz.LibTwoTests;
				PRODUCT_NAME = "$(TARGET_NAME)";
				TARGETED_DEVICE_FAMILY = "1,2";
			};
			name = Debug;
		};
		26D077D121B02D6A00BE2A68 /* Release */ = {
			isa = XCBuildConfiguration;
			buildSettings = {
				CODE_SIGN_STYLE = Automatic;
				DEVELOPMENT_TEAM = 9A3XYQH875;
				INFOPLIST_FILE = LibTwoTests/Info.plist;
				LD_RUNPATH_SEARCH_PATHS = (
					"$(inherited)",
					"@executable_path/Frameworks",
					"@loader_path/Frameworks",
				);
				PRODUCT_BUNDLE_IDENTIFIER = com.gisbiz.LibTwoTests;
				PRODUCT_NAME = "$(TARGET_NAME)";
				TARGETED_DEVICE_FAMILY = "1,2";
			};
			name = Release;
		};
/* End XCBuildConfiguration section */

/* Begin XCConfigurationList section */
		26D0778521B0150300BE2A68 /* Build configuration list for PBXProject "LibTwo" */ = {
			isa = XCConfigurationList;
			buildConfigurations = (
				26D0779121B0150300BE2A68 /* Debug */,
				26D0779221B0150300BE2A68 /* Release */,
			);
			defaultConfigurationIsVisible = 0;
			defaultConfigurationName = Release;
		};
		26D0779321B0150300BE2A68 /* Build configuration list for PBXNativeTarget "LibTwo" */ = {
			isa = XCConfigurationList;
			buildConfigurations = (
				26D0779421B0150300BE2A68 /* Debug */,
				26D0779521B0150300BE2A68 /* Release */,
			);
			defaultConfigurationIsVisible = 0;
			defaultConfigurationName = Release;
		};
		26D077CF21B02D6A00BE2A68 /* Build configuration list for PBXNativeTarget "LibTwoTests" */ = {
			isa = XCConfigurationList;
			buildConfigurations = (
				26D077D021B02D6A00BE2A68 /* Debug */,
				26D077D121B02D6A00BE2A68 /* Release */,
			);
			defaultConfigurationIsVisible = 0;
			defaultConfigurationName = Release;
		};
/* End XCConfigurationList section */
	};
	rootObject = 26D0778221B0150300BE2A68 /* Project object */;
}
